
Microsoft Visual Studio Solution File, Format Version 12.00
# Visual Studio 14
VisualStudioVersion = 14.0.25420.1
MinimumVisualStudioVersion = 10.0.40219.1
Project("{FAE04EC0-301F-11D3-BF4B-00C04F79EFBC}") = "KPT", "KPT\KPT.csproj", "{BB714D8F-EEED-4CA7-B0B5-B3CEF5A0D989}"
	ProjectSection(ProjectDependencies) = postProject
		{BA3A00E4-4F51-4AB4-A8FB-F4B64A874449} = {BA3A00E4-4F51-4AB4-A8FB-F4B64A874449}
	EndProjectSection
EndProject
Project("{FAE04EC0-301F-11D3-BF4B-00C04F79EFBC}") = "LibCPK", "LibCPK\LibCPK.csproj", "{BA3A00E4-4F51-4AB4-A8FB-F4B64A874449}"
EndProject
Global
	GlobalSection(SolutionConfigurationPlatforms) = preSolution
		Debug|Any CPU = Debug|Any CPU
		Release|Any CPU = Release|Any CPU
	EndGlobalSection
	GlobalSection(ProjectConfigurationPlatforms) = postSolution
		{BB714D8F-EEED-4CA7-B0B5-B3CEF5A0D989}.Debug|Any CPU.ActiveCfg = Debug|Any CPU
		{BB714D8F-EEED-4CA7-B0B5-B3CEF5A0D989}.Debug|Any CPU.Build.0 = Debug|Any CPU
		{BB714D8F-EEED-4CA7-B0B5-B3CEF5A0D989}.Release|Any CPU.ActiveCfg = Release|Any CPU
		{BB714D8F-EEED-4CA7-B0B5-B3CEF5A0D989}.Release|Any CPU.Build.0 = Release|Any CPU
		{BA3A00E4-4F51-4AB4-A8FB-F4B64A874449}.Debug|Any CPU.ActiveCfg = Debug|Any CPU
		{BA3A00E4-4F51-4AB4-A8FB-F4B64A874449}.Debug|Any CPU.Build.0 = Debug|Any CPU
		{BA3A00E4-4F51-4AB4-A8FB-F4B64A874449}.Release|Any CPU.ActiveCfg = Release|Any CPU
		{BA3A00E4-4F51-4AB4-A8FB-F4B64A874449}.Release|Any CPU.Build.0 = Release|Any CPU
	EndGlobalSection
	GlobalSection(SolutionProperties) = preSolution
		HideSolutionNode = FALSE
	EndGlobalSection
EndGlobal
